{
  "name": "Vitl-Test-main",
  "lockfileVersion": 3,
  "requires": true,
  "packages": {
    "": {
      "dependencies": {
        "expo-sqlite": "^56.0.5"
      }
    },
    "node_modules/await-lock": {
      "version": "2.2.2",
      "resolved": "https://registry.npmjs.org/await-lock/-/await-lock-2.2.2.tgz",
      "integrity": "sha512-aDczADvlvTGajTDjcjpJMqRkOF6Qdz3YbPZm/PyW6tKPkx2hlYBzxMhEywM/tU72HrVZjgl5VCdRuMlA7pZ8Gw==",
      "license": "MIT"
    },
    "node_modules/expo-sqlite": {
      "version": "56.0.5",
      "resolved": "https://registry.npmjs.org/expo-sqlite/-/expo-sqlite-56.0.5.tgz",
      "integrity": "sha512-wHYRVLS5nUFEtli45wHaO+RjlRY8sQXyOSgENVk6I4zq7+FgySqjOk3YOYW6IKIMwhj5XzjMJO+pY8xKUy73Kw==",
      "license": "MIT",
      "dependencies": {
        "await-lock": "^2.2.2"
      },
      "peerDependencies": {
        "expo": "*",
        "react": "*",
        "react-native": "*"
      }
    }
  }
}
